{
  "name": "NodeJS",
  "lockfileVersion": 3,
  "requires": true,
  "packages": {
    "": {
      "dependencies": {
        "my-random-data-lib": "^1.0.0"
      }
    },
    "node_modules/my-random-data-lib": {
      "version": "1.0.0",
      "resolved": "https://registry.npmjs.org/my-random-data-lib/-/my-random-data-lib-1.0.0.tgz",
      "integrity": "sha512-4N15HBcE1AzbkEPi0kK1cXZCd50XelAR/i+La+tt27ka3BCQ8yc2EoWMDQ0ogbwdHjksEJiRqBVZvyJYwnsHIg==",
      "license": "ISC"
    }
  }
}
